// !$*UTF8*$!
{
	archiveVersion = 1;
	classes = {
	};
	objectVersion = 56;
	objects = {

/* Begin PBXBuildFile section */
		A366BDF42B029FC8007287C5 /* AppDelegate.swift in Sources */ = {isa = PBXBuildFile; fileRef = A366BDF32B029FC8007287C5 /* AppDelegate.swift */; };
		A366BDF62B029FC8007287C5 /* SceneDelegate.swift in Sources */ = {isa = PBXBuildFile; fileRef = A366BDF52B029FC8007287C5 /* SceneDelegate.swift */; };
		A366BDF82B029FC8007287C5 /* VacancyViewController.swift in Sources */ = {isa = PBXBuildFile; fileRef = A366BDF72B029FC8007287C5 /* VacancyViewController.swift */; };
		A366BDFD2B029FCB007287C5 /* Assets.xcassets in Resources */ = {isa = PBXBuildFile; fileRef = A366BDFC2B029FCB007287C5 /* Assets.xcassets */; };
		A366BE002B029FCB007287C5 /* LaunchScreen.storyboard in Resources */ = {isa = PBXBuildFile; fileRef = A366BDFE2B029FCB007287C5 /* LaunchScreen.storyboard */; };
		A366BE0D2B02A2EC007287C5 /* String+Extensions.swift in Sources */ = {isa = PBXBuildFile; fileRef = A366BE0C2B02A2EC007287C5 /* String+Extensions.swift */; };
		A366BE132B02A592007287C5 /* VacancyCell.swift in Sources */ = {isa = PBXBuildFile; fileRef = A366BE122B02A592007287C5 /* VacancyCell.swift */; };
		A366BE152B02A665007287C5 /* Vacancy.swift in Sources */ = {isa = PBXBuildFile; fileRef = A366BE142B02A665007287C5 /* Vacancy.swift */; };
		A370C6992B073CF90016C7EA /* OAuthService.swift in Sources */ = {isa = PBXBuildFile; fileRef = A370C6982B073CF90016C7EA /* OAuthService.swift */; };
		A370C69C2B073EAA0016C7EA /* OAuthTokenResponseBody.swift in Sources */ = {isa = PBXBuildFile; fileRef = A370C69B2B073EAA0016C7EA /* OAuthTokenResponseBody.swift */; };
		A370C6A12B0742D10016C7EA /* URLSession+Extension.swift in Sources */ = {isa = PBXBuildFile; fileRef = A370C6A02B0742D10016C7EA /* URLSession+Extension.swift */; };
		A370C6A32B0744500016C7EA /* OAuthTokenStorage.swift in Sources */ = {isa = PBXBuildFile; fileRef = A370C6A22B0744500016C7EA /* OAuthTokenStorage.swift */; };
		A370C6A62B0744950016C7EA /* SwiftKeychainWrapper in Frameworks */ = {isa = PBXBuildFile; productRef = A370C6A52B0744950016C7EA /* SwiftKeychainWrapper */; };
		A3AB60042B03C980003694DF /* UIView+Extensions.swift in Sources */ = {isa = PBXBuildFile; fileRef = A3AB60032B03C980003694DF /* UIView+Extensions.swift */; };
		A3D029742B0546E700748BFC /* UImageView+Extensions.swift in Sources */ = {isa = PBXBuildFile; fileRef = A3D029732B0546E700748BFC /* UImageView+Extensions.swift */; };
		A3D029772B05471E00748BFC /* Kingfisher in Frameworks */ = {isa = PBXBuildFile; productRef = A3D029762B05471E00748BFC /* Kingfisher */; };
		A3E9F5222B0A75350069126C /* Localizable.strings in Resources */ = {isa = PBXBuildFile; fileRef = A3E9F5242B0A75350069126C /* Localizable.strings */; };
		A3E9F5302B0A799C0069126C /* InfoPlist.strings in Resources */ = {isa = PBXBuildFile; fileRef = A3E9F5322B0A799C0069126C /* InfoPlist.strings */; };
		A3E9F5372B0A7C660069126C /* DetailVacancyViewController.swift in Sources */ = {isa = PBXBuildFile; fileRef = A3E9F5362B0A7C660069126C /* DetailVacancyViewController.swift */; };
		A3E9F5402B0A8D980069126C /* DetailVacancyRequest.swift in Sources */ = {isa = PBXBuildFile; fileRef = A3E9F53F2B0A8D980069126C /* DetailVacancyRequest.swift */; };
		A3E9F5442B0B2A6B0069126C /* AddressView.swift in Sources */ = {isa = PBXBuildFile; fileRef = A3E9F5432B0B2A6B0069126C /* AddressView.swift */; };
		A3FBFD0F2B04DD6900573E51 /* VacancyLoadManager.swift in Sources */ = {isa = PBXBuildFile; fileRef = A3FBFD0E2B04DD6900573E51 /* VacancyLoadManager.swift */; };
		A3FBFD112B04DDDD00573E51 /* NetworkClient.swift in Sources */ = {isa = PBXBuildFile; fileRef = A3FBFD102B04DDDD00573E51 /* NetworkClient.swift */; };
		A3FBFD142B04DE1700573E51 /* NetworkRequest.swift in Sources */ = {isa = PBXBuildFile; fileRef = A3FBFD132B04DE1700573E51 /* NetworkRequest.swift */; };
		A3FBFD162B04DF2B00573E51 /* VacancyRequest.swift in Sources */ = {isa = PBXBuildFile; fileRef = A3FBFD152B04DF2B00573E51 /* VacancyRequest.swift */; };
		A3FBFD182B04E3AF00573E51 /* Constants.swift in Sources */ = {isa = PBXBuildFile; fileRef = A3FBFD172B04E3AF00573E51 /* Constants.swift */; };
		A3FBFD1A2B04EB7700573E51 /* UIViewController+Extensions.swift in Sources */ = {isa = PBXBuildFile; fileRef = A3FBFD192B04EB7700573E51 /* UIViewController+Extensions.swift */; };
		A3FBFD1D2B04EFCB00573E51 /* ProgressHUD in Frameworks */ = {isa = PBXBuildFile; productRef = A3FBFD1C2B04EFCB00573E51 /* ProgressHUD */; };
		A3FBFD1F2B04EFE900573E51 /* UIBlockingProgressHUD.swift in Sources */ = {isa = PBXBuildFile; fileRef = A3FBFD1E2B04EFE900573E51 /* UIBlockingProgressHUD.swift */; };
/* End PBXBuildFile section */

/* Begin PBXFileReference section */
		A366BDF02B029FC8007287C5 /* JobVacancies.app */ = {isa = PBXFileReference; explicitFileType = wrapper.application; includeInIndex = 0; path = JobVacancies.app; sourceTree = BUILT_PRODUCTS_DIR; };
		A366BDF32B029FC8007287C5 /* AppDelegate.swift */ = {isa = PBXFileReference; lastKnownFileType = sourcecode.swift; path = AppDelegate.swift; sourceTree = "<group>"; };
		A366BDF52B029FC8007287C5 /* SceneDelegate.swift */ = {isa = PBXFileReference; lastKnownFileType = sourcecode.swift; path = SceneDelegate.swift; sourceTree = "<group>"; };
		A366BDF72B029FC8007287C5 /* VacancyViewController.swift */ = {isa = PBXFileReference; lastKnownFileType = sourcecode.swift; path = VacancyViewController.swift; sourceTree = "<group>"; };
		A366BDFC2B029FCB007287C5 /* Assets.xcassets */ = {isa = PBXFileReference; lastKnownFileType = folder.assetcatalog; path = Assets.xcassets; sourceTree = "<group>"; };
		A366BDFF2B029FCB007287C5 /* Base */ = {isa = PBXFileReference; lastKnownFileType = file.storyboard; name = Base; path = Base.lproj/LaunchScreen.storyboard; sourceTree = "<group>"; };
		A366BE012B029FCB007287C5 /* Info.plist */ = {isa = PBXFileReference; lastKnownFileType = text.plist.xml; path = Info.plist; sourceTree = "<group>"; };
		A366BE0C2B02A2EC007287C5 /* String+Extensions.swift */ = {isa = PBXFileReference; lastKnownFileType = sourcecode.swift; path = "String+Extensions.swift"; sourceTree = "<group>"; };
		A366BE122B02A592007287C5 /* VacancyCell.swift */ = {isa = PBXFileReference; lastKnownFileType = sourcecode.swift; path = VacancyCell.swift; sourceTree = "<group>"; };
		A366BE142B02A665007287C5 /* Vacancy.swift */ = {isa = PBXFileReference; lastKnownFileType = sourcecode.swift; path = Vacancy.swift; sourceTree = "<group>"; };
		A370C6982B073CF90016C7EA /* OAuthService.swift */ = {isa = PBXFileReference; lastKnownFileType = sourcecode.swift; path = OAuthService.swift; sourceTree = "<group>"; };
		A370C69B2B073EAA0016C7EA /* OAuthTokenResponseBody.swift */ = {isa = PBXFileReference; lastKnownFileType = sourcecode.swift; path = OAuthTokenResponseBody.swift; sourceTree = "<group>"; };
		A370C6A02B0742D10016C7EA /* URLSession+Extension.swift */ = {isa = PBXFileReference; lastKnownFileType = sourcecode.swift; path = "URLSession+Extension.swift"; sourceTree = "<group>"; };
		A370C6A22B0744500016C7EA /* OAuthTokenStorage.swift */ = {isa = PBXFileReference; lastKnownFileType = sourcecode.swift; path = OAuthTokenStorage.swift; sourceTree = "<group>"; };
		A3AB60032B03C980003694DF /* UIView+Extensions.swift */ = {isa = PBXFileReference; lastKnownFileType = sourcecode.swift; path = "UIView+Extensions.swift"; sourceTree = "<group>"; };
		A3D029732B0546E700748BFC /* UImageView+Extensions.swift */ = {isa = PBXFileReference; lastKnownFileType = sourcecode.swift; path = "UImageView+Extensions.swift"; sourceTree = "<group>"; };
		A3E9F5232B0A75350069126C /* en */ = {isa = PBXFileReference; lastKnownFileType = text.plist.strings; name = en; path = en.lproj/Localizable.strings; sourceTree = "<group>"; };
		A3E9F5252B0A76550069126C /* ru */ = {isa = PBXFileReference; lastKnownFileType = text.plist.strings; name = ru; path = ru.lproj/LaunchScreen.strings; sourceTree = "<group>"; };
		A3E9F5262B0A76550069126C /* ru */ = {isa = PBXFileReference; lastKnownFileType = text.plist.strings; name = ru; path = ru.lproj/Localizable.strings; sourceTree = "<group>"; };
		A3E9F5312B0A799C0069126C /* en */ = {isa = PBXFileReference; lastKnownFileType = text.plist.strings; name = en; path = en.lproj/InfoPlist.strings; sourceTree = "<group>"; };
		A3E9F5332B0A799D0069126C /* ru */ = {isa = PBXFileReference; lastKnownFileType = text.plist.strings; name = ru; path = ru.lproj/InfoPlist.strings; sourceTree = "<group>"; };
		A3E9F5362B0A7C660069126C /* DetailVacancyViewController.swift */ = {isa = PBXFileReference; lastKnownFileType = sourcecode.swift; path = DetailVacancyViewController.swift; sourceTree = "<group>"; };
		A3E9F53F2B0A8D980069126C /* DetailVacancyRequest.swift */ = {isa = PBXFileReference; lastKnownFileType = sourcecode.swift; path = DetailVacancyRequest.swift; sourceTree = "<group>"; };
		A3E9F5432B0B2A6B0069126C /* AddressView.swift */ = {isa = PBXFileReference; lastKnownFileType = sourcecode.swift; path = AddressView.swift; sourceTree = "<group>"; };
		A3FBFD0E2B04DD6900573E51 /* VacancyLoadManager.swift */ = {isa = PBXFileReference; lastKnownFileType = sourcecode.swift; path = VacancyLoadManager.swift; sourceTree = "<group>"; };
		A3FBFD102B04DDDD00573E51 /* NetworkClient.swift */ = {isa = PBXFileReference; lastKnownFileType = sourcecode.swift; path = NetworkClient.swift; sourceTree = "<group>"; };
		A3FBFD132B04DE1700573E51 /* NetworkRequest.swift */ = {isa = PBXFileReference; lastKnownFileType = sourcecode.swift; path = NetworkRequest.swift; sourceTree = "<group>"; };
		A3FBFD152B04DF2B00573E51 /* VacancyRequest.swift */ = {isa = PBXFileReference; lastKnownFileType = sourcecode.swift; path = VacancyRequest.swift; sourceTree = "<group>"; };
		A3FBFD172B04E3AF00573E51 /* Constants.swift */ = {isa = PBXFileReference; lastKnownFileType = sourcecode.swift; path = Constants.swift; sourceTree = "<group>"; };
		A3FBFD192B04EB7700573E51 /* UIViewController+Extensions.swift */ = {isa = PBXFileReference; lastKnownFileType = sourcecode.swift; path = "UIViewController+Extensions.swift"; sourceTree = "<group>"; };
		A3FBFD1E2B04EFE900573E51 /* UIBlockingProgressHUD.swift */ = {isa = PBXFileReference; lastKnownFileType = sourcecode.swift; path = UIBlockingProgressHUD.swift; sourceTree = "<group>"; };
/* End PBXFileReference section */

/* Begin PBXFrameworksBuildPhase section */
		A366BDED2B029FC8007287C5 /* Frameworks */ = {
			isa = PBXFrameworksBuildPhase;
			buildActionMask = 2147483647;
			files = (
				A3D029772B05471E00748BFC /* Kingfisher in Frameworks */,
				A3FBFD1D2B04EFCB00573E51 /* ProgressHUD in Frameworks */,
				A370C6A62B0744950016C7EA /* SwiftKeychainWrapper in Frameworks */,
			);
			runOnlyForDeploymentPostprocessing = 0;
		};
/* End PBXFrameworksBuildPhase section */

/* Begin PBXGroup section */
		A366BDE72B029FC8007287C5 = {
			isa = PBXGroup;
			children = (
				A366BDF22B029FC8007287C5 /* JobVacancies */,
				A366BDF12B029FC8007287C5 /* Products */,
			);
			sourceTree = "<group>";
		};
		A366BDF12B029FC8007287C5 /* Products */ = {
			isa = PBXGroup;
			children = (
				A366BDF02B029FC8007287C5 /* JobVacancies.app */,
			);
			name = Products;
			sourceTree = "<group>";
		};
		A366BDF22B029FC8007287C5 /* JobVacancies */ = {
			isa = PBXGroup;
			children = (
				A366BDF32B029FC8007287C5 /* AppDelegate.swift */,
				A366BDF52B029FC8007287C5 /* SceneDelegate.swift */,
				A3FBFD172B04E3AF00573E51 /* Constants.swift */,
				A366BE092B02A016007287C5 /* Scenes */,
				A366BE072B029FFE007287C5 /* Models */,
				A3FBFD122B04DDE400573E51 /* Foundation */,
				A3FBFD0D2B04DD2800573E51 /* Managers */,
				A366BE0A2B02A035007287C5 /* Supporting Files */,
			);
			path = JobVacancies;
			sourceTree = "<group>";
		};
		A366BE072B029FFE007287C5 /* Models */ = {
			isa = PBXGroup;
			children = (
				A366BE142B02A665007287C5 /* Vacancy.swift */,
			);
			path = Models;
			sourceTree = "<group>";
		};
		A366BE092B02A016007287C5 /* Scenes */ = {
			isa = PBXGroup;
			children = (
				A366BE102B02A573007287C5 /* VacancyViewController */,
				A3E9F5352B0A7C230069126C /* DetailVacancyViewController */,
			);
			path = Scenes;
			sourceTree = "<group>";
		};
		A366BE0A2B02A035007287C5 /* Supporting Files */ = {
			isa = PBXGroup;
			children = (
				A366BE0B2B02A2DE007287C5 /* Helpers */,
				A366BDFC2B029FCB007287C5 /* Assets.xcassets */,
				A366BDFE2B029FCB007287C5 /* LaunchScreen.storyboard */,
				A366BE012B029FCB007287C5 /* Info.plist */,
				A3E9F5322B0A799C0069126C /* InfoPlist.strings */,
				A3E9F5242B0A75350069126C /* Localizable.strings */,
			);
			path = "Supporting Files";
			sourceTree = "<group>";
		};
		A366BE0B2B02A2DE007287C5 /* Helpers */ = {
			isa = PBXGroup;
			children = (
				A366BE0C2B02A2EC007287C5 /* String+Extensions.swift */,
				A3AB60032B03C980003694DF /* UIView+Extensions.swift */,
				A3FBFD192B04EB7700573E51 /* UIViewController+Extensions.swift */,
				A3FBFD1E2B04EFE900573E51 /* UIBlockingProgressHUD.swift */,
				A3D029732B0546E700748BFC /* UImageView+Extensions.swift */,
				A370C6A02B0742D10016C7EA /* URLSession+Extension.swift */,
			);
			path = Helpers;
			sourceTree = "<group>";
		};
		A366BE102B02A573007287C5 /* VacancyViewController */ = {
			isa = PBXGroup;
			children = (
				A366BDF72B029FC8007287C5 /* VacancyViewController.swift */,
				A366BE112B02A57B007287C5 /* Views */,
			);
			path = VacancyViewController;
			sourceTree = "<group>";
		};
		A366BE112B02A57B007287C5 /* Views */ = {
			isa = PBXGroup;
			children = (
				A366BE122B02A592007287C5 /* VacancyCell.swift */,
			);
			path = Views;
			sourceTree = "<group>";
		};
		A370C69A2B073CFE0016C7EA /* OAuthService */ = {
			isa = PBXGroup;
			children = (
				A370C6982B073CF90016C7EA /* OAuthService.swift */,
				A370C69B2B073EAA0016C7EA /* OAuthTokenResponseBody.swift */,
				A370C6A22B0744500016C7EA /* OAuthTokenStorage.swift */,
			);
			path = OAuthService;
			sourceTree = "<group>";
		};
		A370C69D2B073F250016C7EA /* VacancyLoadManager */ = {
			isa = PBXGroup;
			children = (
				A3FBFD0E2B04DD6900573E51 /* VacancyLoadManager.swift */,
				A3E9F5412B0A92760069126C /* Requests */,
			);
			path = VacancyLoadManager;
			sourceTree = "<group>";
		};
		A3E9F5352B0A7C230069126C /* DetailVacancyViewController */ = {
			isa = PBXGroup;
			children = (
				A3E9F5362B0A7C660069126C /* DetailVacancyViewController.swift */,
				A3E9F5422B0B2A260069126C /* Views */,
			);
			path = DetailVacancyViewController;
			sourceTree = "<group>";
		};
		A3E9F5412B0A92760069126C /* Requests */ = {
			isa = PBXGroup;
			children = (
				A3FBFD152B04DF2B00573E51 /* VacancyRequest.swift */,
				A3E9F53F2B0A8D980069126C /* DetailVacancyRequest.swift */,
			);
			path = Requests;
			sourceTree = "<group>";
		};
		A3E9F5422B0B2A260069126C /* Views */ = {
			isa = PBXGroup;
			children = (
				A3E9F5432B0B2A6B0069126C /* AddressView.swift */,
			);
			path = Views;
			sourceTree = "<group>";
		};
		A3FBFD0D2B04DD2800573E51 /* Managers */ = {
			isa = PBXGroup;
			children = (
				A370C69D2B073F250016C7EA /* VacancyLoadManager */,
				A370C69A2B073CFE0016C7EA /* OAuthService */,
			);
			path = Managers;
			sourceTree = "<group>";
		};
		A3FBFD122B04DDE400573E51 /* Foundation */ = {
			isa = PBXGroup;
			children = (
				A3FBFD102B04DDDD00573E51 /* NetworkClient.swift */,
				A3FBFD132B04DE1700573E51 /* NetworkRequest.swift */,
			);
			path = Foundation;
			sourceTree = "<group>";
		};
/* End PBXGroup section */

/* Begin PBXNativeTarget section */
		A366BDEF2B029FC8007287C5 /* JobVacancies */ = {
			isa = PBXNativeTarget;
			buildConfigurationList = A366BE042B029FCB007287C5 /* Build configuration list for PBXNativeTarget "JobVacancies" */;
			buildPhases = (
				A366BDEC2B029FC8007287C5 /* Sources */,
				A366BDED2B029FC8007287C5 /* Frameworks */,
				A366BDEE2B029FC8007287C5 /* Resources */,
			);
			buildRules = (
			);
			dependencies = (
			);
			name = JobVacancies;
			packageProductDependencies = (
				A3FBFD1C2B04EFCB00573E51 /* ProgressHUD */,
				A3D029762B05471E00748BFC /* Kingfisher */,
				A370C6A52B0744950016C7EA /* SwiftKeychainWrapper */,
			);
			productName = JobVacancies;
			productReference = A366BDF02B029FC8007287C5 /* JobVacancies.app */;
			productType = "com.apple.product-type.application";
		};
/* End PBXNativeTarget section */

/* Begin PBXProject section */
		A366BDE82B029FC8007287C5 /* Project object */ = {
			isa = PBXProject;
			attributes = {
				BuildIndependentTargetsInParallel = 1;
				LastSwiftUpdateCheck = 1500;
				LastUpgradeCheck = 1500;
				TargetAttributes = {
					A366BDEF2B029FC8007287C5 = {
						CreatedOnToolsVersion = 15.0.1;
					};
				};
			};
			buildConfigurationList = A366BDEB2B029FC8007287C5 /* Build configuration list for PBXProject "JobVacancies" */;
			compatibilityVersion = "Xcode 14.0";
			developmentRegion = en;
			hasScannedForEncodings = 0;
			knownRegions = (
				en,
				Base,
				ru,
			);
			mainGroup = A366BDE72B029FC8007287C5;
			packageReferences = (
				A3FBFD1B2B04EFCB00573E51 /* XCRemoteSwiftPackageReference "ProgressHUD" */,
				A3D029752B05471E00748BFC /* XCRemoteSwiftPackageReference "Kingfisher" */,
				A370C6A42B0744950016C7EA /* XCRemoteSwiftPackageReference "SwiftKeychainWrapper" */,
			);
			productRefGroup = A366BDF12B029FC8007287C5 /* Products */;
			projectDirPath = "";
			projectRoot = "";
			targets = (
				A366BDEF2B029FC8007287C5 /* JobVacancies */,
			);
		};
/* End PBXProject section */

/* Begin PBXResourcesBuildPhase section */
		A366BDEE2B029FC8007287C5 /* Resources */ = {
			isa = PBXResourcesBuildPhase;
			buildActionMask = 2147483647;
			files = (
				A366BE002B029FCB007287C5 /* LaunchScreen.storyboard in Resources */,
				A3E9F5302B0A799C0069126C /* InfoPlist.strings in Resources */,
				A3E9F5222B0A75350069126C /* Localizable.strings in Resources */,
				A366BDFD2B029FCB007287C5 /* Assets.xcassets in Resources */,
			);
			runOnlyForDeploymentPostprocessing = 0;
		};
/* End PBXResourcesBuildPhase section */

/* Begin PBXSourcesBuildPhase section */
		A366BDEC2B029FC8007287C5 /* Sources */ = {
			isa = PBXSourcesBuildPhase;
			buildActionMask = 2147483647;
			files = (
				A366BE0D2B02A2EC007287C5 /* String+Extensions.swift in Sources */,
				A3AB60042B03C980003694DF /* UIView+Extensions.swift in Sources */,
				A370C6992B073CF90016C7EA /* OAuthService.swift in Sources */,
				A3FBFD1A2B04EB7700573E51 /* UIViewController+Extensions.swift in Sources */,
				A366BDF82B029FC8007287C5 /* VacancyViewController.swift in Sources */,
				A3E9F5442B0B2A6B0069126C /* AddressView.swift in Sources */,
				A370C6A32B0744500016C7EA /* OAuthTokenStorage.swift in Sources */,
				A370C69C2B073EAA0016C7EA /* OAuthTokenResponseBody.swift in Sources */,
				A3FBFD162B04DF2B00573E51 /* VacancyRequest.swift in Sources */,
				A3FBFD0F2B04DD6900573E51 /* VacancyLoadManager.swift in Sources */,
				A3FBFD142B04DE1700573E51 /* NetworkRequest.swift in Sources */,
				A366BDF42B029FC8007287C5 /* AppDelegate.swift in Sources */,
				A3FBFD112B04DDDD00573E51 /* NetworkClient.swift in Sources */,
				A370C6A12B0742D10016C7EA /* URLSession+Extension.swift in Sources */,
				A366BE132B02A592007287C5 /* VacancyCell.swift in Sources */,
				A366BDF62B029FC8007287C5 /* SceneDelegate.swift in Sources */,
				A366BE152B02A665007287C5 /* Vacancy.swift in Sources */,
				A3FBFD182B04E3AF00573E51 /* Constants.swift in Sources */,
				A3E9F5372B0A7C660069126C /* DetailVacancyViewController.swift in Sources */,
				A3D029742B0546E700748BFC /* UImageView+Extensions.swift in Sources */,
				A3E9F5402B0A8D980069126C /* DetailVacancyRequest.swift in Sources */,
				A3FBFD1F2B04EFE900573E51 /* UIBlockingProgressHUD.swift in Sources */,
			);
			runOnlyForDeploymentPostprocessing = 0;
		};
/* End PBXSourcesBuildPhase section */

/* Begin PBXVariantGroup section */
		A366BDFE2B029FCB007287C5 /* LaunchScreen.storyboard */ = {
			isa = PBXVariantGroup;
			children = (
				A366BDFF2B029FCB007287C5 /* Base */,
				A3E9F5252B0A76550069126C /* ru */,
			);
			name = LaunchScreen.storyboard;
			sourceTree = "<group>";
		};
		A3E9F5242B0A75350069126C /* Localizable.strings */ = {
			isa = PBXVariantGroup;
			children = (
				A3E9F5232B0A75350069126C /* en */,
				A3E9F5262B0A76550069126C /* ru */,
			);
			name = Localizable.strings;
			sourceTree = "<group>";
		};
		A3E9F5322B0A799C0069126C /* InfoPlist.strings */ = {
			isa = PBXVariantGroup;
			children = (
				A3E9F5312B0A799C0069126C /* en */,
				A3E9F5332B0A799D0069126C /* ru */,
			);
			name = InfoPlist.strings;
			sourceTree = "<group>";
		};
/* End PBXVariantGroup section */

/* Begin XCBuildConfiguration section */
		A366BE022B029FCB007287C5 /* Debug */ = {
			isa = XCBuildConfiguration;
			buildSettings = {
				ALWAYS_SEARCH_USER_PATHS = NO;
				ASSETCATALOG_COMPILER_GENERATE_SWIFT_ASSET_SYMBOL_EXTENSIONS = YES;
				CLANG_ANALYZER_LOCALIZABILITY_NONLOCALIZED = YES;
				CLANG_ANALYZER_NONNULL = YES;
				CLANG_ANALYZER_NUMBER_OBJECT_CONVERSION = YES_AGGRESSIVE;
				CLANG_CXX_LANGUAGE_STANDARD = "gnu++20";
				CLANG_ENABLE_MODULES = YES;
				CLANG_ENABLE_OBJC_ARC = YES;
				CLANG_ENABLE_OBJC_WEAK = YES;
				CLANG_WARN_BLOCK_CAPTURE_AUTORELEASING = YES;
				CLANG_WARN_BOOL_CONVERSION = YES;
				CLANG_WARN_COMMA = YES;
				CLANG_WARN_CONSTANT_CONVERSION = YES;
				CLANG_WARN_DEPRECATED_OBJC_IMPLEMENTATIONS = YES;
				CLANG_WARN_DIRECT_OBJC_ISA_USAGE = YES_ERROR;
				CLANG_WARN_DOCUMENTATION_COMMENTS = YES;
				CLANG_WARN_EMPTY_BODY = YES;
				CLANG_WARN_ENUM_CONVERSION = YES;
				CLANG_WARN_INFINITE_RECURSION = YES;
				CLANG_WARN_INT_CONVERSION = YES;
				CLANG_WARN_NON_LITERAL_NULL_CONVERSION = YES;
				CLANG_WARN_OBJC_IMPLICIT_RETAIN_SELF = YES;
				CLANG_WARN_OBJC_LITERAL_CONVERSION = YES;
				CLANG_WARN_OBJC_ROOT_CLASS = YES_ERROR;
				CLANG_WARN_QUOTED_INCLUDE_IN_FRAMEWORK_HEADER = YES;
				CLANG_WARN_RANGE_LOOP_ANALYSIS = YES;
				CLANG_WARN_STRICT_PROTOTYPES = YES;
				CLANG_WARN_SUSPICIOUS_MOVE = YES;
				CLANG_WARN_UNGUARDED_AVAILABILITY = YES_AGGRESSIVE;
				CLANG_WARN_UNREACHABLE_CODE = YES;
				CLANG_WARN__DUPLICATE_METHOD_MATCH = YES;
				COPY_PHASE_STRIP = NO;
				DEBUG_INFORMATION_FORMAT = dwarf;
				ENABLE_STRICT_OBJC_MSGSEND = YES;
				ENABLE_TESTABILITY = YES;
				ENABLE_USER_SCRIPT_SANDBOXING = YES;
				GCC_C_LANGUAGE_STANDARD = gnu17;
				GCC_DYNAMIC_NO_PIC = NO;
				GCC_NO_COMMON_BLOCKS = YES;
				GCC_OPTIMIZATION_LEVEL = 0;
				GCC_PREPROCESSOR_DEFINITIONS = (
					"DEBUG=1",
					"$(inherited)",
				);
				GCC_WARN_64_TO_32_BIT_CONVERSION = YES;
				GCC_WARN_ABOUT_RETURN_TYPE = YES_ERROR;
				GCC_WARN_UNDECLARED_SELECTOR = YES;
				GCC_WARN_UNINITIALIZED_AUTOS = YES_AGGRESSIVE;
				GCC_WARN_UNUSED_FUNCTION = YES;
				GCC_WARN_UNUSED_VARIABLE = YES;
				IPHONEOS_DEPLOYMENT_TARGET = 17.0;
				LOCALIZATION_PREFERS_STRING_CATALOGS = YES;
				MTL_ENABLE_DEBUG_INFO = INCLUDE_SOURCE;
				MTL_FAST_MATH = YES;
				ONLY_ACTIVE_ARCH = YES;
				SDKROOT = iphoneos;
				SWIFT_ACTIVE_COMPILATION_CONDITIONS = "DEBUG $(inherited)";
				SWIFT_OPTIMIZATION_LEVEL = "-Onone";
			};
			name = Debug;
		};
		A366BE032B029FCB007287C5 /* Release */ = {
			isa = XCBuildConfiguration;
			buildSettings = {
				ALWAYS_SEARCH_USER_PATHS = NO;
				ASSETCATALOG_COMPILER_GENERATE_SWIFT_ASSET_SYMBOL_EXTENSIONS = YES;
				CLANG_ANALYZER_LOCALIZABILITY_NONLOCALIZED = YES;
				CLANG_ANALYZER_NONNULL = YES;
				CLANG_ANALYZER_NUMBER_OBJECT_CONVERSION = YES_AGGRESSIVE;
				CLANG_CXX_LANGUAGE_STANDARD = "gnu++20";
				CLANG_ENABLE_MODULES = YES;
				CLANG_ENABLE_OBJC_ARC = YES;
				CLANG_ENABLE_OBJC_WEAK = YES;
				CLANG_WARN_BLOCK_CAPTURE_AUTORELEASING = YES;
				CLANG_WARN_BOOL_CONVERSION = YES;
				CLANG_WARN_COMMA = YES;
				CLANG_WARN_CONSTANT_CONVERSION = YES;
				CLANG_WARN_DEPRECATED_OBJC_IMPLEMENTATIONS = YES;
				CLANG_WARN_DIRECT_OBJC_ISA_USAGE = YES_ERROR;
				CLANG_WARN_DOCUMENTATION_COMMENTS = YES;
				CLANG_WARN_EMPTY_BODY = YES;
				CLANG_WARN_ENUM_CONVERSION = YES;
				CLANG_WARN_INFINITE_RECURSION = YES;
				CLANG_WARN_INT_CONVERSION = YES;
				CLANG_WARN_NON_LITERAL_NULL_CONVERSION = YES;
				CLANG_WARN_OBJC_IMPLICIT_RETAIN_SELF = YES;
				CLANG_WARN_OBJC_LITERAL_CONVERSION = YES;
				CLANG_WARN_OBJC_ROOT_CLASS = YES_ERROR;
				CLANG_WARN_QUOTED_INCLUDE_IN_FRAMEWORK_HEADER = YES;
				CLANG_WARN_RANGE_LOOP_ANALYSIS = YES;
				CLANG_WARN_STRICT_PROTOTYPES = YES;
				CLANG_WARN_SUSPICIOUS_MOVE = YES;
				CLANG_WARN_UNGUARDED_AVAILABILITY = YES_AGGRESSIVE;
				CLANG_WARN_UNREACHABLE_CODE = YES;
				CLANG_WARN__DUPLICATE_METHOD_MATCH = YES;
				COPY_PHASE_STRIP = NO;
				DEBUG_INFORMATION_FORMAT = "dwarf-with-dsym";
				ENABLE_NS_ASSERTIONS = NO;
				ENABLE_STRICT_OBJC_MSGSEND = YES;
				ENABLE_USER_SCRIPT_SANDBOXING = YES;
				GCC_C_LANGUAGE_STANDARD = gnu17;
				GCC_NO_COMMON_BLOCKS = YES;
				GCC_WARN_64_TO_32_BIT_CONVERSION = YES;
				GCC_WARN_ABOUT_RETURN_TYPE = YES_ERROR;
				GCC_WARN_UNDECLARED_SELECTOR = YES;
				GCC_WARN_UNINITIALIZED_AUTOS = YES_AGGRESSIVE;
				GCC_WARN_UNUSED_FUNCTION = YES;
				GCC_WARN_UNUSED_VARIABLE = YES;
				IPHONEOS_DEPLOYMENT_TARGET = 17.0;
				LOCALIZATION_PREFERS_STRING_CATALOGS = YES;
				MTL_ENABLE_DEBUG_INFO = NO;
				MTL_FAST_MATH = YES;
				SDKROOT = iphoneos;
				SWIFT_COMPILATION_MODE = wholemodule;
				VALIDATE_PRODUCT = YES;
			};
			name = Release;
		};
		A366BE052B029FCB007287C5 /* Debug */ = {
			isa = XCBuildConfiguration;
			buildSettings = {
				ASSETCATALOG_COMPILER_APPICON_NAME = AppIcon;
				ASSETCATALOG_COMPILER_GLOBAL_ACCENT_COLOR_NAME = AccentColor;
				CODE_SIGN_STYLE = Automatic;
				CURRENT_PROJECT_VERSION = 1;
				DEVELOPMENT_TEAM = SDLP5C8V69;
				GENERATE_INFOPLIST_FILE = YES;
				INFOPLIST_FILE = "JobVacancies//Supporting Files/Info.plist";
				INFOPLIST_KEY_UIApplicationSupportsIndirectInputEvents = YES;
				INFOPLIST_KEY_UILaunchStoryboardName = LaunchScreen;
				INFOPLIST_KEY_UISupportedInterfaceOrientations_iPad = "UIInterfaceOrientationPortrait UIInterfaceOrientationPortraitUpsideDown UIInterfaceOrientationLandscapeLeft UIInterfaceOrientationLandscapeRight";
				INFOPLIST_KEY_UISupportedInterfaceOrientations_iPhone = "UIInterfaceOrientationPortrait UIInterfaceOrientationLandscapeLeft UIInterfaceOrientationLandscapeRight";
				IPHONEOS_DEPLOYMENT_TARGET = 13.0;
				LD_RUNPATH_SEARCH_PATHS = (
					"$(inherited)",
					"@executable_path/Frameworks",
				);
				MARKETING_VERSION = 1.0;
				PRODUCT_BUNDLE_IDENTIFIER = "Dmitrii-Martynov.JobVacancies";
				PRODUCT_NAME = "$(TARGET_NAME)";
				SWIFT_EMIT_LOC_STRINGS = YES;
				SWIFT_VERSION = 5.0;
				TARGETED_DEVICE_FAMILY = "1,2";
			};
			name = Debug;
		};
		A366BE062B029FCB007287C5 /* Release */ = {
			isa = XCBuildConfiguration;
			buildSettings = {
				ASSETCATALOG_COMPILER_APPICON_NAME = AppIcon;
				ASSETCATALOG_COMPILER_GLOBAL_ACCENT_COLOR_NAME = AccentColor;
				CODE_SIGN_STYLE = Automatic;
				CURRENT_PROJECT_VERSION = 1;
				DEVELOPMENT_TEAM = SDLP5C8V69;
				GENERATE_INFOPLIST_FILE = YES;
				INFOPLIST_FILE = "JobVacancies//Supporting Files/Info.plist";
				INFOPLIST_KEY_UIApplicationSupportsIndirectInputEvents = YES;
				INFOPLIST_KEY_UILaunchStoryboardName = LaunchScreen;
				INFOPLIST_KEY_UISupportedInterfaceOrientations_iPad = "UIInterfaceOrientationPortrait UIInterfaceOrientationPortraitUpsideDown UIInterfaceOrientationLandscapeLeft UIInterfaceOrientationLandscapeRight";
				INFOPLIST_KEY_UISupportedInterfaceOrientations_iPhone = "UIInterfaceOrientationPortrait UIInterfaceOrientationLandscapeLeft UIInterfaceOrientationLandscapeRight";
				IPHONEOS_DEPLOYMENT_TARGET = 13.0;
				LD_RUNPATH_SEARCH_PATHS = (
					"$(inherited)",
					"@executable_path/Frameworks",
				);
				MARKETING_VERSION = 1.0;
				PRODUCT_BUNDLE_IDENTIFIER = "Dmitrii-Martynov.JobVacancies";
				PRODUCT_NAME = "$(TARGET_NAME)";
				SWIFT_EMIT_LOC_STRINGS = YES;
				SWIFT_VERSION = 5.0;
				TARGETED_DEVICE_FAMILY = "1,2";
			};
			name = Release;
		};
/* End XCBuildConfiguration section */

/* Begin XCConfigurationList section */
		A366BDEB2B029FC8007287C5 /* Build configuration list for PBXProject "JobVacancies" */ = {
			isa = XCConfigurationList;
			buildConfigurations = (
				A366BE022B029FCB007287C5 /* Debug */,
				A366BE032B029FCB007287C5 /* Release */,
			);
			defaultConfigurationIsVisible = 0;
			defaultConfigurationName = Release;
		};
		A366BE042B029FCB007287C5 /* Build configuration list for PBXNativeTarget "JobVacancies" */ = {
			isa = XCConfigurationList;
			buildConfigurations = (
				A366BE052B029FCB007287C5 /* Debug */,
				A366BE062B029FCB007287C5 /* Release */,
			);
			defaultConfigurationIsVisible = 0;
			defaultConfigurationName = Release;
		};
/* End XCConfigurationList section */

/* Begin XCRemoteSwiftPackageReference section */
		A370C6A42B0744950016C7EA /* XCRemoteSwiftPackageReference "SwiftKeychainWrapper" */ = {
			isa = XCRemoteSwiftPackageReference;
			repositoryURL = "https://github.com/jrendel/SwiftKeychainWrapper";
			requirement = {
				kind = upToNextMajorVersion;
				minimumVersion = 4.0.1;
			};
		};
		A3D029752B05471E00748BFC /* XCRemoteSwiftPackageReference "Kingfisher" */ = {
			isa = XCRemoteSwiftPackageReference;
			repositoryURL = "https://github.com/onevcat/Kingfisher";
			requirement = {
				kind = upToNextMajorVersion;
				minimumVersion = 7.10.0;
			};
		};
		A3FBFD1B2B04EFCB00573E51 /* XCRemoteSwiftPackageReference "ProgressHUD" */ = {
			isa = XCRemoteSwiftPackageReference;
			repositoryURL = "https://github.com/relatedcode/ProgressHUD";
			requirement = {
				kind = upToNextMajorVersion;
				minimumVersion = 14.1.0;
			};
		};
/* End XCRemoteSwiftPackageReference section */

/* Begin XCSwiftPackageProductDependency section */
		A370C6A52B0744950016C7EA /* SwiftKeychainWrapper */ = {
			isa = XCSwiftPackageProductDependency;
			package = A370C6A42B0744950016C7EA /* XCRemoteSwiftPackageReference "SwiftKeychainWrapper" */;
			productName = SwiftKeychainWrapper;
		};
		A3D029762B05471E00748BFC /* Kingfisher */ = {
			isa = XCSwiftPackageProductDependency;
			package = A3D029752B05471E00748BFC /* XCRemoteSwiftPackageReference "Kingfisher" */;
			productName = Kingfisher;
		};
		A3FBFD1C2B04EFCB00573E51 /* ProgressHUD */ = {
			isa = XCSwiftPackageProductDependency;
			package = A3FBFD1B2B04EFCB00573E51 /* XCRemoteSwiftPackageReference "ProgressHUD" */;
			productName = ProgressHUD;
		};
/* End XCSwiftPackageProductDependency section */
	};
	rootObject = A366BDE82B029FC8007287C5 /* Project object */;
}
